
Microsoft Visual Studio Solution File, Format Version 12.00
# Visual Studio Version 16
VisualStudioVersion = 16.0.29519.87
MinimumVisualStudioVersion = 10.0.40219.1
Project("{FAE04EC0-301F-11D3-BF4B-00C04F79EFBC}") = "Symmetr", "Symmetr.csproj", "{38626097-CCBB-44C9-B7B2-5E3E52432031}"
EndProject
Global
	GlobalSection(SolutionConfigurationPlatforms) = preSolution
		Debug|Any CPU = Debug|Any CPU
		Release|Any CPU = Release|Any CPU
	EndGlobalSection
	GlobalSection(ProjectConfigurationPlatforms) = postSolution
		{38626097-CCBB-44C9-B7B2-5E3E52432031}.Debug|Any CPU.ActiveCfg = Debug|Any CPU
		{38626097-CCBB-44C9-B7B2-5E3E52432031}.Debug|Any CPU.Build.0 = Debug|Any CPU
		{38626097-CCBB-44C9-B7B2-5E3E52432031}.Release|Any CPU.ActiveCfg = Release|Any CPU
		{38626097-CCBB-44C9-B7B2-5E3E52432031}.Release|Any CPU.Build.0 = Release|Any CPU
	EndGlobalSection
	GlobalSection(SolutionProperties) = preSolution
		HideSolutionNode = FALSE
	EndGlobalSection
	GlobalSection(ExtensibilityGlobals) = postSolution
		SolutionGuid = {18388063-7DEA-4994-AA89-01CA23C96A9B}
	EndGlobalSection
EndGlobal
